
Microsoft Visual Studio Solution File, Format Version 12.00
Project("{FAE04EC0-301F-11D3-BF4B-00C04F79EFBC}") = "BettingSite", "BettingSite\BettingSite.csproj", "{962D95DF-A2CB-4E67-B8B4-0AF0CA6D7575}"
EndProject
Global
	GlobalSection(SolutionConfigurationPlatforms) = preSolution
		Debug|Any CPU = Debug|Any CPU
		Release|Any CPU = Release|Any CPU
	EndGlobalSection
	GlobalSection(ProjectConfigurationPlatforms) = postSolution
		{962D95DF-A2CB-4E67-B8B4-0AF0CA6D7575}.Debug|Any CPU.ActiveCfg = Debug|Any CPU
		{962D95DF-A2CB-4E67-B8B4-0AF0CA6D7575}.Debug|Any CPU.Build.0 = Debug|Any CPU
		{962D95DF-A2CB-4E67-B8B4-0AF0CA6D7575}.Release|Any CPU.ActiveCfg = Release|Any CPU
		{962D95DF-A2CB-4E67-B8B4-0AF0CA6D7575}.Release|Any CPU.Build.0 = Release|Any CPU
	EndGlobalSection
EndGlobal
